// !$*UTF8*$!
{
	archiveVersion = 1;
	classes = {
	};
	objectVersion = 50;
	objects = {

/* Begin PBXBuildFile section */
		62EE90E8221D4378000D8B57 /* ViewController.swift in Sources */ = {isa = PBXBuildFile; fileRef = 62EE90DC221D4378000D8B57 /* ViewController.swift */; };
		62EE90E9221D4378000D8B57 /* LaunchScreen.storyboard in Resources */ = {isa = PBXBuildFile; fileRef = 62EE90DE221D4378000D8B57 /* LaunchScreen.storyboard */; };
		62EE90EB221D4378000D8B57 /* AppDelegate.swift in Sources */ = {isa = PBXBuildFile; fileRef = 62EE90E3221D4378000D8B57 /* AppDelegate.swift */; };
		62EE90EC221D4378000D8B57 /* Assets.xcassets in Resources */ = {isa = PBXBuildFile; fileRef = 62EE90E5221D4378000D8B57 /* Assets.xcassets */; };
		62EE90F4221D4D16000D8B57 /* Random.swift in Sources */ = {isa = PBXBuildFile; fileRef = 62EE90F3221D4D16000D8B57 /* Random.swift */; };
		62EE90F7221D7C17000D8B57 /* Main.storyboard in Resources */ = {isa = PBXBuildFile; fileRef = 62EE90F5221D7C17000D8B57 /* Main.storyboard */; };
/* End PBXBuildFile section */

/* Begin PBXFileReference section */
		62EE90C5221D425A000D8B57 /* MagicalGrid.app */ = {isa = PBXFileReference; explicitFileType = wrapper.application; includeInIndex = 0; path = MagicalGrid.app; sourceTree = BUILT_PRODUCTS_DIR; };
		62EE90DC221D4378000D8B57 /* ViewController.swift */ = {isa = PBXFileReference; fileEncoding = 4; lastKnownFileType = sourcecode.swift; path = ViewController.swift; sourceTree = "<group>"; };
		62EE90DF221D4378000D8B57 /* Base */ = {isa = PBXFileReference; lastKnownFileType = file.storyboard; name = Base; path = Base.lproj/LaunchScreen.storyboard; sourceTree = "<group>"; };
		62EE90E3221D4378000D8B57 /* AppDelegate.swift */ = {isa = PBXFileReference; fileEncoding = 4; lastKnownFileType = sourcecode.swift; path = AppDelegate.swift; sourceTree = "<group>"; };
		62EE90E5221D4378000D8B57 /* Assets.xcassets */ = {isa = PBXFileReference; lastKnownFileType = folder.assetcatalog; path = Assets.xcassets; sourceTree = "<group>"; };
		62EE90E7221D4378000D8B57 /* Info.plist */ = {isa = PBXFileReference; fileEncoding = 4; lastKnownFileType = text.plist.xml; path = Info.plist; sourceTree = "<group>"; };
		62EE90F3221D4D16000D8B57 /* Random.swift */ = {isa = PBXFileReference; lastKnownFileType = sourcecode.swift; path = Random.swift; sourceTree = "<group>"; };
		62EE90F6221D7C17000D8B57 /* Base */ = {isa = PBXFileReference; lastKnownFileType = file.storyboard; name = Base; path = Base.lproj/Main.storyboard; sourceTree = "<group>"; };
/* End PBXFileReference section */

/* Begin PBXFrameworksBuildPhase section */
		62EE90C2221D425A000D8B57 /* Frameworks */ = {
			isa = PBXFrameworksBuildPhase;
			buildActionMask = 2147483647;
			files = (
			);
			runOnlyForDeploymentPostprocessing = 0;
		};
/* End PBXFrameworksBuildPhase section */

/* Begin PBXGroup section */
		62EE90BC221D425A000D8B57 = {
			isa = PBXGroup;
			children = (
				62EE90DA221D4378000D8B57 /* Application */,
				62EE90E2221D4378000D8B57 /* AppDelegate */,
				62EE90E6221D4378000D8B57 /* Plist */,
				62EE90E4221D4378000D8B57 /* Media */,
				62EE90C6221D425A000D8B57 /* Products */,
			);
			sourceTree = "<group>";
		};
		62EE90C6221D425A000D8B57 /* Products */ = {
			isa = PBXGroup;
			children = (
				62EE90C5221D425A000D8B57 /* MagicalGrid.app */,
			);
			name = Products;
			sourceTree = "<group>";
		};
		62EE90DA221D4378000D8B57 /* Application */ = {
			isa = PBXGroup;
			children = (
				62EE90F2221D4D09000D8B57 /* Helpers */,
				62EE90DB221D4378000D8B57 /* Controller */,
				62EE90DD221D4378000D8B57 /* View */,
			);
			path = Application;
			sourceTree = "<group>";
		};
		62EE90DB221D4378000D8B57 /* Controller */ = {
			isa = PBXGroup;
			children = (
				62EE90DC221D4378000D8B57 /* ViewController.swift */,
			);
			path = Controller;
			sourceTree = "<group>";
		};
		62EE90DD221D4378000D8B57 /* View */ = {
			isa = PBXGroup;
			children = (
				62EE90DE221D4378000D8B57 /* LaunchScreen.storyboard */,
				62EE90F5221D7C17000D8B57 /* Main.storyboard */,
			);
			path = View;
			sourceTree = "<group>";
		};
		62EE90E2221D4378000D8B57 /* AppDelegate */ = {
			isa = PBXGroup;
			children = (
				62EE90E3221D4378000D8B57 /* AppDelegate.swift */,
			);
			path = AppDelegate;
			sourceTree = "<group>";
		};
		62EE90E4221D4378000D8B57 /* Media */ = {
			isa = PBXGroup;
			children = (
				62EE90E5221D4378000D8B57 /* Assets.xcassets */,
			);
			path = Media;
			sourceTree = "<group>";
		};
		62EE90E6221D4378000D8B57 /* Plist */ = {
			isa = PBXGroup;
			children = (
				62EE90E7221D4378000D8B57 /* Info.plist */,
			);
			path = Plist;
			sourceTree = "<group>";
		};
		62EE90F2221D4D09000D8B57 /* Helpers */ = {
			isa = PBXGroup;
			children = (
				62EE90F3221D4D16000D8B57 /* Random.swift */,
			);
			path = Helpers;
			sourceTree = "<group>";
		};
/* End PBXGroup section */

/* Begin PBXNativeTarget section */
		62EE90C4221D425A000D8B57 /* MagicalGrid */ = {
			isa = PBXNativeTarget;
			buildConfigurationList = 62EE90D7221D425C000D8B57 /* Build configuration list for PBXNativeTarget "MagicalGrid" */;
			buildPhases = (
				62EE90C1221D425A000D8B57 /* Sources */,
				62EE90C2221D425A000D8B57 /* Frameworks */,
				62EE90C3221D425A000D8B57 /* Resources */,
			);
			buildRules = (
			);
			dependencies = (
			);
			name = MagicalGrid;
			productName = MagicalGrid;
			productReference = 62EE90C5221D425A000D8B57 /* MagicalGrid.app */;
			productType = "com.apple.product-type.application";
		};
/* End PBXNativeTarget section */

/* Begin PBXProject section */
		62EE90BD221D425A000D8B57 /* Project object */ = {
			isa = PBXProject;
			attributes = {
				LastSwiftUpdateCheck = 1010;
				LastUpgradeCheck = 1010;
				ORGANIZATIONNAME = ShamCode;
				TargetAttributes = {
					62EE90C4221D425A000D8B57 = {
						CreatedOnToolsVersion = 10.1;
					};
				};
			};
			buildConfigurationList = 62EE90C0221D425A000D8B57 /* Build configuration list for PBXProject "MagicalGrid" */;
			compatibilityVersion = "Xcode 9.3";
			developmentRegion = en;
			hasScannedForEncodings = 0;
			knownRegions = (
				en,
				Base,
			);
			mainGroup = 62EE90BC221D425A000D8B57;
			productRefGroup = 62EE90C6221D425A000D8B57 /* Products */;
			projectDirPath = "";
			projectRoot = "";
			targets = (
				62EE90C4221D425A000D8B57 /* MagicalGrid */,
			);
		};
/* End PBXProject section */

/* Begin PBXResourcesBuildPhase section */
		62EE90C3221D425A000D8B57 /* Resources */ = {
			isa = PBXResourcesBuildPhase;
			buildActionMask = 2147483647;
			files = (
				62EE90F7221D7C17000D8B57 /* Main.storyboard in Resources */,
				62EE90E9221D4378000D8B57 /* LaunchScreen.storyboard in Resources */,
				62EE90EC221D4378000D8B57 /* Assets.xcassets in Resources */,
			);
			runOnlyForDeploymentPostprocessing = 0;
		};
/* End PBXResourcesBuildPhase section */

/* Begin PBXSourcesBuildPhase section */
		62EE90C1221D425A000D8B57 /* Sources */ = {
			isa = PBXSourcesBuildPhase;
			buildActionMask = 2147483647;
			files = (
				62EE90EB221D4378000D8B57 /* AppDelegate.swift in Sources */,
				62EE90E8221D4378000D8B57 /* ViewController.swift in Sources */,
				62EE90F4221D4D16000D8B57 /* Random.swift in Sources */,
			);
			runOnlyForDeploymentPostprocessing = 0;
		};
/* End PBXSourcesBuildPhase section */

/* Begin PBXVariantGroup section */
		62EE90DE221D4378000D8B57 /* LaunchScreen.storyboard */ = {
			isa = PBXVariantGroup;
			children = (
				62EE90DF221D4378000D8B57 /* Base */,
			);
			name = LaunchScreen.storyboard;
			sourceTree = "<group>";
		};
		62EE90F5221D7C17000D8B57 /* Main.storyboard */ = {
			isa = PBXVariantGroup;
			children = (
				62EE90F6221D7C17000D8B57 /* Base */,
			);
			name = Main.storyboard;
			sourceTree = "<group>";
		};
/* End PBXVariantGroup section */

/* Begin XCBuildConfiguration section */
		62EE90D5221D425C000D8B57 /* Debug */ = {
			isa = XCBuildConfiguration;
			buildSettings = {
				ALWAYS_SEARCH_USER_PATHS = NO;
				CLANG_ANALYZER_NONNULL = YES;
				CLANG_ANALYZER_NUMBER_OBJECT_CONVERSION = YES_AGGRESSIVE;
				CLANG_CXX_LANGUAGE_STANDARD = "gnu++14";
				CLANG_CXX_LIBRARY = "libc++";
				CLANG_ENABLE_MODULES = YES;
				CLANG_ENABLE_OBJC_ARC = YES;
				CLANG_ENABLE_OBJC_WEAK = YES;
				CLANG_WARN_BLOCK_CAPTURE_AUTORELEASING = YES;
				CLANG_WARN_BOOL_CONVERSION = YES;
				CLANG_WARN_COMMA = YES;
				CLANG_WARN_CONSTANT_CONVERSION = YES;
				CLANG_WARN_DEPRECATED_OBJC_IMPLEMENTATIONS = YES;
				CLANG_WARN_DIRECT_OBJC_ISA_USAGE = YES_ERROR;
				CLANG_WARN_DOCUMENTATION_COMMENTS = YES;
				CLANG_WARN_EMPTY_BODY = YES;
				CLANG_WARN_ENUM_CONVERSION = YES;
				CLANG_WARN_INFINITE_RECURSION = YES;
				CLANG_WARN_INT_CONVERSION = YES;
				CLANG_WARN_NON_LITERAL_NULL_CONVERSION = YES;
				CLANG_WARN_OBJC_IMPLICIT_RETAIN_SELF = YES;
				CLANG_WARN_OBJC_LITERAL_CONVERSION = YES;
				CLANG_WARN_OBJC_ROOT_CLASS = YES_ERROR;
				CLANG_WARN_RANGE_LOOP_ANALYSIS = YES;
				CLANG_WARN_STRICT_PROTOTYPES = YES;
				CLANG_WARN_SUSPICIOUS_MOVE = YES;
				CLANG_WARN_UNGUARDED_AVAILABILITY = YES_AGGRESSIVE;
				CLANG_WARN_UNREACHABLE_CODE = YES;
				CLANG_WARN__DUPLICATE_METHOD_MATCH = YES;
				CODE_SIGN_IDENTITY = "iPhone Developer";
				COPY_PHASE_STRIP = NO;
				DEBUG_INFORMATION_FORMAT = dwarf;
				ENABLE_STRICT_OBJC_MSGSEND = YES;
				ENABLE_TESTABILITY = YES;
				GCC_C_LANGUAGE_STANDARD = gnu11;
				GCC_DYNAMIC_NO_PIC = NO;
				GCC_NO_COMMON_BLOCKS = YES;
				GCC_OPTIMIZATION_LEVEL = 0;
				GCC_PREPROCESSOR_DEFINITIONS = (
					"DEBUG=1",
					"$(inherited)",
				);
				GCC_WARN_64_TO_32_BIT_CONVERSION = YES;
				GCC_WARN_ABOUT_RETURN_TYPE = YES_ERROR;
				GCC_WARN_UNDECLARED_SELECTOR = YES;
				GCC_WARN_UNINITIALIZED_AUTOS = YES_AGGRESSIVE;
				GCC_WARN_UNUSED_FUNCTION = YES;
				GCC_WARN_UNUSED_VARIABLE = YES;
				IPHONEOS_DEPLOYMENT_TARGET = 12.1;
				MTL_ENABLE_DEBUG_INFO = INCLUDE_SOURCE;
				MTL_FAST_MATH = YES;
				ONLY_ACTIVE_ARCH = YES;
				SDKROOT = iphoneos;
				SWIFT_ACTIVE_COMPILATION_CONDITIONS = DEBUG;
				SWIFT_OPTIMIZATION_LEVEL = "-Onone";
			};
			name = Debug;
		};
		62EE90D6221D425C000D8B57 /* Release */ = {
			isa = XCBuildConfiguration;
			buildSettings = {
				ALWAYS_SEARCH_USER_PATHS = NO;
				CLANG_ANALYZER_NONNULL = YES;
				CLANG_ANALYZER_NUMBER_OBJECT_CONVERSION = YES_AGGRESSIVE;
				CLANG_CXX_LANGUAGE_STANDARD = "gnu++14";
				CLANG_CXX_LIBRARY = "libc++";
				CLANG_ENABLE_MODULES = YES;
				CLANG_ENABLE_OBJC_ARC = YES;
				CLANG_ENABLE_OBJC_WEAK = YES;
				CLANG_WARN_BLOCK_CAPTURE_AUTORELEASING = YES;
				CLANG_WARN_BOOL_CONVERSION = YES;
				CLANG_WARN_COMMA = YES;
				CLANG_WARN_CONSTANT_CONVERSION = YES;
				CLANG_WARN_DEPRECATED_OBJC_IMPLEMENTATIONS = YES;
				CLANG_WARN_DIRECT_OBJC_ISA_USAGE = YES_ERROR;
				CLANG_WARN_DOCUMENTATION_COMMENTS = YES;
				CLANG_WARN_EMPTY_BODY = YES;
				CLANG_WARN_ENUM_CONVERSION = YES;
				CLANG_WARN_INFINITE_RECURSION = YES;
				CLANG_WARN_INT_CONVERSION = YES;
				CLANG_WARN_NON_LITERAL_NULL_CONVERSION = YES;
				CLANG_WARN_OBJC_IMPLICIT_RETAIN_SELF = YES;
				CLANG_WARN_OBJC_LITERAL_CONVERSION = YES;
				CLANG_WARN_OBJC_ROOT_CLASS = YES_ERROR;
				CLANG_WARN_RANGE_LOOP_ANALYSIS = YES;
				CLANG_WARN_STRICT_PROTOTYPES = YES;
				CLANG_WARN_SUSPICIOUS_MOVE = YES;
				CLANG_WARN_UNGUARDED_AVAILABILITY = YES_AGGRESSIVE;
				CLANG_WARN_UNREACHABLE_CODE = YES;
				CLANG_WARN__DUPLICATE_METHOD_MATCH = YES;
				CODE_SIGN_IDENTITY = "iPhone Developer";
				COPY_PHASE_STRIP = NO;
				DEBUG_INFORMATION_FORMAT = "dwarf-with-dsym";
				ENABLE_NS_ASSERTIONS = NO;
				ENABLE_STRICT_OBJC_MSGSEND = YES;
				GCC_C_LANGUAGE_STANDARD = gnu11;
				GCC_NO_COMMON_BLOCKS = YES;
				GCC_WARN_64_TO_32_BIT_CONVERSION = YES;
				GCC_WARN_ABOUT_RETURN_TYPE = YES_ERROR;
				GCC_WARN_UNDECLARED_SELECTOR = YES;
				GCC_WARN_UNINITIALIZED_AUTOS = YES_AGGRESSIVE;
				GCC_WARN_UNUSED_FUNCTION = YES;
				GCC_WARN_UNUSED_VARIABLE = YES;
				IPHONEOS_DEPLOYMENT_TARGET = 12.1;
				MTL_ENABLE_DEBUG_INFO = NO;
				MTL_FAST_MATH = YES;
				SDKROOT = iphoneos;
				SWIFT_COMPILATION_MODE = wholemodule;
				SWIFT_OPTIMIZATION_LEVEL = "-O";
				VALIDATE_PRODUCT = YES;
			};
			name = Release;
		};
		62EE90D8221D425C000D8B57 /* Debug */ = {
			isa = XCBuildConfiguration;
			buildSettings = {
				ASSETCATALOG_COMPILER_APPICON_NAME = AppIcon;
				CODE_SIGN_STYLE = Automatic;
				INFOPLIST_FILE = "$(SRCROOT)/Plist/Info.plist";
				LD_RUNPATH_SEARCH_PATHS = (
					"$(inherited)",
					"@executable_path/Frameworks",
				);
				PRODUCT_BUNDLE_IDENTIFIER = com.shamcode.MagicalGrid;
				PRODUCT_NAME = "$(TARGET_NAME)";
				SWIFT_VERSION = 4.2;
				TARGETED_DEVICE_FAMILY = 1;
			};
			name = Debug;
		};
		62EE90D9221D425C000D8B57 /* Release */ = {
			isa = XCBuildConfiguration;
			buildSettings = {
				ASSETCATALOG_COMPILER_APPICON_NAME = AppIcon;
				CODE_SIGN_STYLE = Automatic;
				INFOPLIST_FILE = "$(SRCROOT)/Plist/Info.plist";
				LD_RUNPATH_SEARCH_PATHS = (
					"$(inherited)",
					"@executable_path/Frameworks",
				);
				PRODUCT_BUNDLE_IDENTIFIER = com.shamcode.MagicalGrid;
				PRODUCT_NAME = "$(TARGET_NAME)";
				SWIFT_VERSION = 4.2;
				TARGETED_DEVICE_FAMILY = 1;
			};
			name = Release;
		};
/* End XCBuildConfiguration section */

/* Begin XCConfigurationList section */
		62EE90C0221D425A000D8B57 /* Build configuration list for PBXProject "MagicalGrid" */ = {
			isa = XCConfigurationList;
			buildConfigurations = (
				62EE90D5221D425C000D8B57 /* Debug */,
				62EE90D6221D425C000D8B57 /* Release */,
			);
			defaultConfigurationIsVisible = 0;
			defaultConfigurationName = Release;
		};
		62EE90D7221D425C000D8B57 /* Build configuration list for PBXNativeTarget "MagicalGrid" */ = {
			isa = XCConfigurationList;
			buildConfigurations = (
				62EE90D8221D425C000D8B57 /* Debug */,
				62EE90D9221D425C000D8B57 /* Release */,
			);
			defaultConfigurationIsVisible = 0;
			defaultConfigurationName = Release;
		};
/* End XCConfigurationList section */
	};
	rootObject = 62EE90BD221D425A000D8B57 /* Project object */;
}
